// !$*UTF8*$!
{
	archiveVersion = 1;
	classes = {
	};
	objectVersion = 50;
	objects = {

/* Begin PBXBuildFile section */
		643B60182319B2A7007DE1A3 /* AppDelegate.swift in Sources */ = {isa = PBXBuildFile; fileRef = 643B60172319B2A7007DE1A3 /* AppDelegate.swift */; };
		643B601A2319B2A7007DE1A3 /* HomeViewController.swift in Sources */ = {isa = PBXBuildFile; fileRef = 643B60192319B2A7007DE1A3 /* HomeViewController.swift */; };
		643B601D2319B2A7007DE1A3 /* Main.storyboard in Resources */ = {isa = PBXBuildFile; fileRef = 643B601B2319B2A7007DE1A3 /* Main.storyboard */; };
		643B601F2319B2A8007DE1A3 /* Assets.xcassets in Resources */ = {isa = PBXBuildFile; fileRef = 643B601E2319B2A8007DE1A3 /* Assets.xcassets */; };
		643B60222319B2A8007DE1A3 /* LaunchScreen.storyboard in Resources */ = {isa = PBXBuildFile; fileRef = 643B60202319B2A8007DE1A3 /* LaunchScreen.storyboard */; };
		643B60302319B2BD007DE1A3 /* HomeViewModelTests.swift in Sources */ = {isa = PBXBuildFile; fileRef = 643B602F2319B2BD007DE1A3 /* HomeViewModelTests.swift */; };
		643B60392319B3C8007DE1A3 /* Game.swift in Sources */ = {isa = PBXBuildFile; fileRef = 643B60382319B3C8007DE1A3 /* Game.swift */; };
		643B603E2319B474007DE1A3 /* GameCell.swift in Sources */ = {isa = PBXBuildFile; fileRef = 643B603C2319B474007DE1A3 /* GameCell.swift */; };
		643B603F2319B474007DE1A3 /* GameCell.xib in Resources */ = {isa = PBXBuildFile; fileRef = 643B603D2319B474007DE1A3 /* GameCell.xib */; };
		643B60422319B563007DE1A3 /* HomeViewModel.swift in Sources */ = {isa = PBXBuildFile; fileRef = 643B60412319B563007DE1A3 /* HomeViewModel.swift */; };
		643B60472319BABD007DE1A3 /* Genre.swift in Sources */ = {isa = PBXBuildFile; fileRef = 643B60462319BABD007DE1A3 /* Genre.swift */; };
		6480A33B231D735500F4E98C /* GameTests.swift in Sources */ = {isa = PBXBuildFile; fileRef = 6480A33A231D735500F4E98C /* GameTests.swift */; };
		64DBCC0B231CB67D003CC5D6 /* Bind.swift in Sources */ = {isa = PBXBuildFile; fileRef = 64DBCC0A231CB67D003CC5D6 /* Bind.swift */; };
		64DBCC0D231CC69E003CC5D6 /* GameViewModel.swift in Sources */ = {isa = PBXBuildFile; fileRef = 64DBCC0C231CC69E003CC5D6 /* GameViewModel.swift */; };
		64DBCC0F231CD678003CC5D6 /* GameViewModelTests.swift in Sources */ = {isa = PBXBuildFile; fileRef = 64DBCC0E231CD678003CC5D6 /* GameViewModelTests.swift */; };
/* End PBXBuildFile section */

/* Begin PBXContainerItemProxy section */
		643B60322319B2BD007DE1A3 /* PBXContainerItemProxy */ = {
			isa = PBXContainerItemProxy;
			containerPortal = 643B600C2319B2A7007DE1A3 /* Project object */;
			proxyType = 1;
			remoteGlobalIDString = 643B60132319B2A7007DE1A3;
			remoteInfo = GameList;
		};
/* End PBXContainerItemProxy section */

/* Begin PBXFileReference section */
		643B60142319B2A7007DE1A3 /* GameList.app */ = {isa = PBXFileReference; explicitFileType = wrapper.application; includeInIndex = 0; path = GameList.app; sourceTree = BUILT_PRODUCTS_DIR; };
		643B60172319B2A7007DE1A3 /* AppDelegate.swift */ = {isa = PBXFileReference; lastKnownFileType = sourcecode.swift; path = AppDelegate.swift; sourceTree = "<group>"; };
		643B60192319B2A7007DE1A3 /* HomeViewController.swift */ = {isa = PBXFileReference; lastKnownFileType = sourcecode.swift; path = HomeViewController.swift; sourceTree = "<group>"; };
		643B601C2319B2A7007DE1A3 /* Base */ = {isa = PBXFileReference; lastKnownFileType = file.storyboard; name = Base; path = Base.lproj/Main.storyboard; sourceTree = "<group>"; };
		643B601E2319B2A8007DE1A3 /* Assets.xcassets */ = {isa = PBXFileReference; lastKnownFileType = folder.assetcatalog; path = Assets.xcassets; sourceTree = "<group>"; };
		643B60212319B2A8007DE1A3 /* Base */ = {isa = PBXFileReference; lastKnownFileType = file.storyboard; name = Base; path = Base.lproj/LaunchScreen.storyboard; sourceTree = "<group>"; };
		643B60232319B2A8007DE1A3 /* Info.plist */ = {isa = PBXFileReference; lastKnownFileType = text.plist.xml; path = Info.plist; sourceTree = "<group>"; };
		643B602D2319B2BD007DE1A3 /* GameListTests.xctest */ = {isa = PBXFileReference; explicitFileType = wrapper.cfbundle; includeInIndex = 0; path = GameListTests.xctest; sourceTree = BUILT_PRODUCTS_DIR; };
		643B602F2319B2BD007DE1A3 /* HomeViewModelTests.swift */ = {isa = PBXFileReference; lastKnownFileType = sourcecode.swift; path = HomeViewModelTests.swift; sourceTree = "<group>"; };
		643B60312319B2BD007DE1A3 /* Info.plist */ = {isa = PBXFileReference; lastKnownFileType = text.plist.xml; path = Info.plist; sourceTree = "<group>"; };
		643B60382319B3C8007DE1A3 /* Game.swift */ = {isa = PBXFileReference; lastKnownFileType = sourcecode.swift; path = Game.swift; sourceTree = "<group>"; };
		643B603C2319B474007DE1A3 /* GameCell.swift */ = {isa = PBXFileReference; lastKnownFileType = sourcecode.swift; path = GameCell.swift; sourceTree = "<group>"; };
		643B603D2319B474007DE1A3 /* GameCell.xib */ = {isa = PBXFileReference; lastKnownFileType = file.xib; path = GameCell.xib; sourceTree = "<group>"; };
		643B60412319B563007DE1A3 /* HomeViewModel.swift */ = {isa = PBXFileReference; lastKnownFileType = sourcecode.swift; path = HomeViewModel.swift; sourceTree = "<group>"; };
		643B60462319BABD007DE1A3 /* Genre.swift */ = {isa = PBXFileReference; lastKnownFileType = sourcecode.swift; path = Genre.swift; sourceTree = "<group>"; };
		6480A33A231D735500F4E98C /* GameTests.swift */ = {isa = PBXFileReference; lastKnownFileType = sourcecode.swift; path = GameTests.swift; sourceTree = "<group>"; };
		64DBCC0A231CB67D003CC5D6 /* Bind.swift */ = {isa = PBXFileReference; lastKnownFileType = sourcecode.swift; path = Bind.swift; sourceTree = "<group>"; };
		64DBCC0C231CC69E003CC5D6 /* GameViewModel.swift */ = {isa = PBXFileReference; lastKnownFileType = sourcecode.swift; path = GameViewModel.swift; sourceTree = "<group>"; };
		64DBCC0E231CD678003CC5D6 /* GameViewModelTests.swift */ = {isa = PBXFileReference; lastKnownFileType = sourcecode.swift; path = GameViewModelTests.swift; sourceTree = "<group>"; };
/* End PBXFileReference section */

/* Begin PBXFrameworksBuildPhase section */
		643B60112319B2A7007DE1A3 /* Frameworks */ = {
			isa = PBXFrameworksBuildPhase;
			buildActionMask = 2147483647;
			files = (
			);
			runOnlyForDeploymentPostprocessing = 0;
		};
		643B602A2319B2BD007DE1A3 /* Frameworks */ = {
			isa = PBXFrameworksBuildPhase;
			buildActionMask = 2147483647;
			files = (
			);
			runOnlyForDeploymentPostprocessing = 0;
		};
/* End PBXFrameworksBuildPhase section */

/* Begin PBXGroup section */
		643B600B2319B2A7007DE1A3 = {
			isa = PBXGroup;
			children = (
				643B60162319B2A7007DE1A3 /* GameList */,
				643B602E2319B2BD007DE1A3 /* GameListTests */,
				643B60152319B2A7007DE1A3 /* Products */,
			);
			sourceTree = "<group>";
		};
		643B60152319B2A7007DE1A3 /* Products */ = {
			isa = PBXGroup;
			children = (
				643B60142319B2A7007DE1A3 /* GameList.app */,
				643B602D2319B2BD007DE1A3 /* GameListTests.xctest */,
			);
			name = Products;
			sourceTree = "<group>";
		};
		643B60162319B2A7007DE1A3 /* GameList */ = {
			isa = PBXGroup;
			children = (
				643B60232319B2A8007DE1A3 /* Info.plist */,
				643B60172319B2A7007DE1A3 /* AppDelegate.swift */,
				643B601E2319B2A8007DE1A3 /* Assets.xcassets */,
				643B60202319B2A8007DE1A3 /* LaunchScreen.storyboard */,
				643B60372319B3BC007DE1A3 /* Models */,
				643B603A2319B42F007DE1A3 /* Presentation */,
				64DBCC0A231CB67D003CC5D6 /* Bind.swift */,
			);
			path = GameList;
			sourceTree = "<group>";
		};
		643B602E2319B2BD007DE1A3 /* GameListTests */ = {
			isa = PBXGroup;
			children = (
				643B602F2319B2BD007DE1A3 /* HomeViewModelTests.swift */,
				643B60312319B2BD007DE1A3 /* Info.plist */,
				64DBCC0E231CD678003CC5D6 /* GameViewModelTests.swift */,
				6480A33A231D735500F4E98C /* GameTests.swift */,
			);
			path = GameListTests;
			sourceTree = "<group>";
		};
		643B60372319B3BC007DE1A3 /* Models */ = {
			isa = PBXGroup;
			children = (
				643B60452319BAB4007DE1A3 /* Enum */,
				643B60382319B3C8007DE1A3 /* Game.swift */,
			);
			path = Models;
			sourceTree = "<group>";
		};
		643B603A2319B42F007DE1A3 /* Presentation */ = {
			isa = PBXGroup;
			children = (
				643B60432319B949007DE1A3 /* Home */,
				643B601B2319B2A7007DE1A3 /* Main.storyboard */,
			);
			path = Presentation;
			sourceTree = "<group>";
		};
		643B603B2319B455007DE1A3 /* GameCell */ = {
			isa = PBXGroup;
			children = (
				643B603C2319B474007DE1A3 /* GameCell.swift */,
				643B603D2319B474007DE1A3 /* GameCell.xib */,
				64DBCC0C231CC69E003CC5D6 /* GameViewModel.swift */,
			);
			path = GameCell;
			sourceTree = "<group>";
		};
		643B60432319B949007DE1A3 /* Home */ = {
			isa = PBXGroup;
			children = (
				643B60192319B2A7007DE1A3 /* HomeViewController.swift */,
				643B60412319B563007DE1A3 /* HomeViewModel.swift */,
				643B603B2319B455007DE1A3 /* GameCell */,
			);
			path = Home;
			sourceTree = "<group>";
		};
		643B60452319BAB4007DE1A3 /* Enum */ = {
			isa = PBXGroup;
			children = (
				643B60462319BABD007DE1A3 /* Genre.swift */,
			);
			path = Enum;
			sourceTree = "<group>";
		};
/* End PBXGroup section */

/* Begin PBXNativeTarget section */
		643B60132319B2A7007DE1A3 /* GameList */ = {
			isa = PBXNativeTarget;
			buildConfigurationList = 643B60262319B2A8007DE1A3 /* Build configuration list for PBXNativeTarget "GameList" */;
			buildPhases = (
				643B60102319B2A7007DE1A3 /* Sources */,
				643B60112319B2A7007DE1A3 /* Frameworks */,
				643B60122319B2A7007DE1A3 /* Resources */,
			);
			buildRules = (
			);
			dependencies = (
			);
			name = GameList;
			productName = GameList;
			productReference = 643B60142319B2A7007DE1A3 /* GameList.app */;
			productType = "com.apple.product-type.application";
		};
		643B602C2319B2BD007DE1A3 /* GameListTests */ = {
			isa = PBXNativeTarget;
			buildConfigurationList = 643B60342319B2BD007DE1A3 /* Build configuration list for PBXNativeTarget "GameListTests" */;
			buildPhases = (
				643B60292319B2BD007DE1A3 /* Sources */,
				643B602A2319B2BD007DE1A3 /* Frameworks */,
				643B602B2319B2BD007DE1A3 /* Resources */,
			);
			buildRules = (
			);
			dependencies = (
				643B60332319B2BD007DE1A3 /* PBXTargetDependency */,
			);
			name = GameListTests;
			productName = GameListTests;
			productReference = 643B602D2319B2BD007DE1A3 /* GameListTests.xctest */;
			productType = "com.apple.product-type.bundle.unit-test";
		};
/* End PBXNativeTarget section */

/* Begin PBXProject section */
		643B600C2319B2A7007DE1A3 /* Project object */ = {
			isa = PBXProject;
			attributes = {
				LastSwiftUpdateCheck = 1030;
				LastUpgradeCheck = 1030;
				ORGANIZATIONNAME = Bernardo;
				TargetAttributes = {
					643B60132319B2A7007DE1A3 = {
						CreatedOnToolsVersion = 10.3;
					};
					643B602C2319B2BD007DE1A3 = {
						CreatedOnToolsVersion = 10.3;
						TestTargetID = 643B60132319B2A7007DE1A3;
					};
				};
			};
			buildConfigurationList = 643B600F2319B2A7007DE1A3 /* Build configuration list for PBXProject "GameList" */;
			compatibilityVersion = "Xcode 9.3";
			developmentRegion = en;
			hasScannedForEncodings = 0;
			knownRegions = (
				en,
				Base,
			);
			mainGroup = 643B600B2319B2A7007DE1A3;
			productRefGroup = 643B60152319B2A7007DE1A3 /* Products */;
			projectDirPath = "";
			projectRoot = "";
			targets = (
				643B60132319B2A7007DE1A3 /* GameList */,
				643B602C2319B2BD007DE1A3 /* GameListTests */,
			);
		};
/* End PBXProject section */

/* Begin PBXResourcesBuildPhase section */
		643B60122319B2A7007DE1A3 /* Resources */ = {
			isa = PBXResourcesBuildPhase;
			buildActionMask = 2147483647;
			files = (
				643B60222319B2A8007DE1A3 /* LaunchScreen.storyboard in Resources */,
				643B601F2319B2A8007DE1A3 /* Assets.xcassets in Resources */,
				643B601D2319B2A7007DE1A3 /* Main.storyboard in Resources */,
				643B603F2319B474007DE1A3 /* GameCell.xib in Resources */,
			);
			runOnlyForDeploymentPostprocessing = 0;
		};
		643B602B2319B2BD007DE1A3 /* Resources */ = {
			isa = PBXResourcesBuildPhase;
			buildActionMask = 2147483647;
			files = (
			);
			runOnlyForDeploymentPostprocessing = 0;
		};
/* End PBXResourcesBuildPhase section */

/* Begin PBXSourcesBuildPhase section */
		643B60102319B2A7007DE1A3 /* Sources */ = {
			isa = PBXSourcesBuildPhase;
			buildActionMask = 2147483647;
			files = (
				643B601A2319B2A7007DE1A3 /* HomeViewController.swift in Sources */,
				643B60392319B3C8007DE1A3 /* Game.swift in Sources */,
				643B60182319B2A7007DE1A3 /* AppDelegate.swift in Sources */,
				643B60472319BABD007DE1A3 /* Genre.swift in Sources */,
				64DBCC0D231CC69E003CC5D6 /* GameViewModel.swift in Sources */,
				643B60422319B563007DE1A3 /* HomeViewModel.swift in Sources */,
				64DBCC0B231CB67D003CC5D6 /* Bind.swift in Sources */,
				643B603E2319B474007DE1A3 /* GameCell.swift in Sources */,
			);
			runOnlyForDeploymentPostprocessing = 0;
		};
		643B60292319B2BD007DE1A3 /* Sources */ = {
			isa = PBXSourcesBuildPhase;
			buildActionMask = 2147483647;
			files = (
				64DBCC0F231CD678003CC5D6 /* GameViewModelTests.swift in Sources */,
				6480A33B231D735500F4E98C /* GameTests.swift in Sources */,
				643B60302319B2BD007DE1A3 /* HomeViewModelTests.swift in Sources */,
			);
			runOnlyForDeploymentPostprocessing = 0;
		};
/* End PBXSourcesBuildPhase section */

/* Begin PBXTargetDependency section */
		643B60332319B2BD007DE1A3 /* PBXTargetDependency */ = {
			isa = PBXTargetDependency;
			target = 643B60132319B2A7007DE1A3 /* GameList */;
			targetProxy = 643B60322319B2BD007DE1A3 /* PBXContainerItemProxy */;
		};
/* End PBXTargetDependency section */

/* Begin PBXVariantGroup section */
		643B601B2319B2A7007DE1A3 /* Main.storyboard */ = {
			isa = PBXVariantGroup;
			children = (
				643B601C2319B2A7007DE1A3 /* Base */,
			);
			name = Main.storyboard;
			sourceTree = "<group>";
		};
		643B60202319B2A8007DE1A3 /* LaunchScreen.storyboard */ = {
			isa = PBXVariantGroup;
			children = (
				643B60212319B2A8007DE1A3 /* Base */,
			);
			name = LaunchScreen.storyboard;
			sourceTree = "<group>";
		};
/* End PBXVariantGroup section */

/* Begin XCBuildConfiguration section */
		643B60242319B2A8007DE1A3 /* Debug */ = {
			isa = XCBuildConfiguration;
			buildSettings = {
				ALWAYS_SEARCH_USER_PATHS = NO;
				CLANG_ANALYZER_NONNULL = YES;
				CLANG_ANALYZER_NUMBER_OBJECT_CONVERSION = YES_AGGRESSIVE;
				CLANG_CXX_LANGUAGE_STANDARD = "gnu++14";
				CLANG_CXX_LIBRARY = "libc++";
				CLANG_ENABLE_MODULES = YES;
				CLANG_ENABLE_OBJC_ARC = YES;
				CLANG_ENABLE_OBJC_WEAK = YES;
				CLANG_WARN_BLOCK_CAPTURE_AUTORELEASING = YES;
				CLANG_WARN_BOOL_CONVERSION = YES;
				CLANG_WARN_COMMA = YES;
				CLANG_WARN_CONSTANT_CONVERSION = YES;
				CLANG_WARN_DEPRECATED_OBJC_IMPLEMENTATIONS = YES;
				CLANG_WARN_DIRECT_OBJC_ISA_USAGE = YES_ERROR;
				CLANG_WARN_DOCUMENTATION_COMMENTS = YES;
				CLANG_WARN_EMPTY_BODY = YES;
				CLANG_WARN_ENUM_CONVERSION = YES;
				CLANG_WARN_INFINITE_RECURSION = YES;
				CLANG_WARN_INT_CONVERSION = YES;
				CLANG_WARN_NON_LITERAL_NULL_CONVERSION = YES;
				CLANG_WARN_OBJC_IMPLICIT_RETAIN_SELF = YES;
				CLANG_WARN_OBJC_LITERAL_CONVERSION = YES;
				CLANG_WARN_OBJC_ROOT_CLASS = YES_ERROR;
				CLANG_WARN_RANGE_LOOP_ANALYSIS = YES;
				CLANG_WARN_STRICT_PROTOTYPES = YES;
				CLANG_WARN_SUSPICIOUS_MOVE = YES;
				CLANG_WARN_UNGUARDED_AVAILABILITY = YES_AGGRESSIVE;
				CLANG_WARN_UNREACHABLE_CODE = YES;
				CLANG_WARN__DUPLICATE_METHOD_MATCH = YES;
				CODE_SIGN_IDENTITY = "iPhone Developer";
				COPY_PHASE_STRIP = NO;
				DEBUG_INFORMATION_FORMAT = dwarf;
				ENABLE_STRICT_OBJC_MSGSEND = YES;
				ENABLE_TESTABILITY = YES;
				GCC_C_LANGUAGE_STANDARD = gnu11;
				GCC_DYNAMIC_NO_PIC = NO;
				GCC_NO_COMMON_BLOCKS = YES;
				GCC_OPTIMIZATION_LEVEL = 0;
				GCC_PREPROCESSOR_DEFINITIONS = (
					"DEBUG=1",
					"$(inherited)",
				);
				GCC_WARN_64_TO_32_BIT_CONVERSION = YES;
				GCC_WARN_ABOUT_RETURN_TYPE = YES_ERROR;
				GCC_WARN_UNDECLARED_SELECTOR = YES;
				GCC_WARN_UNINITIALIZED_AUTOS = YES_AGGRESSIVE;
				GCC_WARN_UNUSED_FUNCTION = YES;
				GCC_WARN_UNUSED_VARIABLE = YES;
				IPHONEOS_DEPLOYMENT_TARGET = 12.4;
				MTL_ENABLE_DEBUG_INFO = INCLUDE_SOURCE;
				MTL_FAST_MATH = YES;
				ONLY_ACTIVE_ARCH = YES;
				SDKROOT = iphoneos;
				SWIFT_ACTIVE_COMPILATION_CONDITIONS = DEBUG;
				SWIFT_OPTIMIZATION_LEVEL = "-Onone";
			};
			name = Debug;
		};
		643B60252319B2A8007DE1A3 /* Release */ = {
			isa = XCBuildConfiguration;
			buildSettings = {
				ALWAYS_SEARCH_USER_PATHS = NO;
				CLANG_ANALYZER_NONNULL = YES;
				CLANG_ANALYZER_NUMBER_OBJECT_CONVERSION = YES_AGGRESSIVE;
				CLANG_CXX_LANGUAGE_STANDARD = "gnu++14";
				CLANG_CXX_LIBRARY = "libc++";
				CLANG_ENABLE_MODULES = YES;
				CLANG_ENABLE_OBJC_ARC = YES;
				CLANG_ENABLE_OBJC_WEAK = YES;
				CLANG_WARN_BLOCK_CAPTURE_AUTORELEASING = YES;
				CLANG_WARN_BOOL_CONVERSION = YES;
				CLANG_WARN_COMMA = YES;
				CLANG_WARN_CONSTANT_CONVERSION = YES;
				CLANG_WARN_DEPRECATED_OBJC_IMPLEMENTATIONS = YES;
				CLANG_WARN_DIRECT_OBJC_ISA_USAGE = YES_ERROR;
				CLANG_WARN_DOCUMENTATION_COMMENTS = YES;
				CLANG_WARN_EMPTY_BODY = YES;
				CLANG_WARN_ENUM_CONVERSION = YES;
				CLANG_WARN_INFINITE_RECURSION = YES;
				CLANG_WARN_INT_CONVERSION = YES;
				CLANG_WARN_NON_LITERAL_NULL_CONVERSION = YES;
				CLANG_WARN_OBJC_IMPLICIT_RETAIN_SELF = YES;
				CLANG_WARN_OBJC_LITERAL_CONVERSION = YES;
				CLANG_WARN_OBJC_ROOT_CLASS = YES_ERROR;
				CLANG_WARN_RANGE_LOOP_ANALYSIS = YES;
				CLANG_WARN_STRICT_PROTOTYPES = YES;
				CLANG_WARN_SUSPICIOUS_MOVE = YES;
				CLANG_WARN_UNGUARDED_AVAILABILITY = YES_AGGRESSIVE;
				CLANG_WARN_UNREACHABLE_CODE = YES;
				CLANG_WARN__DUPLICATE_METHOD_MATCH = YES;
				CODE_SIGN_IDENTITY = "iPhone Developer";
				COPY_PHASE_STRIP = NO;
				DEBUG_INFORMATION_FORMAT = "dwarf-with-dsym";
				ENABLE_NS_ASSERTIONS = NO;
				ENABLE_STRICT_OBJC_MSGSEND = YES;
				GCC_C_LANGUAGE_STANDARD = gnu11;
				GCC_NO_COMMON_BLOCKS = YES;
				GCC_WARN_64_TO_32_BIT_CONVERSION = YES;
				GCC_WARN_ABOUT_RETURN_TYPE = YES_ERROR;
				GCC_WARN_UNDECLARED_SELECTOR = YES;
				GCC_WARN_UNINITIALIZED_AUTOS = YES_AGGRESSIVE;
				GCC_WARN_UNUSED_FUNCTION = YES;
				GCC_WARN_UNUSED_VARIABLE = YES;
				IPHONEOS_DEPLOYMENT_TARGET = 12.4;
				MTL_ENABLE_DEBUG_INFO = NO;
				MTL_FAST_MATH = YES;
				SDKROOT = iphoneos;
				SWIFT_COMPILATION_MODE = wholemodule;
				SWIFT_OPTIMIZATION_LEVEL = "-O";
				VALIDATE_PRODUCT = YES;
			};
			name = Release;
		};
		643B60272319B2A8007DE1A3 /* Debug */ = {
			isa = XCBuildConfiguration;
			buildSettings = {
				ASSETCATALOG_COMPILER_APPICON_NAME = AppIcon;
				CODE_SIGN_STYLE = Automatic;
				CURRENT_PROJECT_VERSION = 7;
				DEVELOPMENT_TEAM = P33TK2RVAJ;
				INFOPLIST_FILE = GameList/Info.plist;
				LD_RUNPATH_SEARCH_PATHS = (
					"$(inherited)",
					"@executable_path/Frameworks",
				);
				PRODUCT_BUNDLE_IDENTIFIER = silva.bernardo.GameList;
				PRODUCT_NAME = "$(TARGET_NAME)";
				SWIFT_VERSION = 5.0;
				TARGETED_DEVICE_FAMILY = "1,2";
				VERSIONING_SYSTEM = "apple-generic";
			};
			name = Debug;
		};
		643B60282319B2A8007DE1A3 /* Release */ = {
			isa = XCBuildConfiguration;
			buildSettings = {
				ASSETCATALOG_COMPILER_APPICON_NAME = AppIcon;
				CODE_SIGN_STYLE = Automatic;
				CURRENT_PROJECT_VERSION = 7;
				DEVELOPMENT_TEAM = P33TK2RVAJ;
				INFOPLIST_FILE = GameList/Info.plist;
				LD_RUNPATH_SEARCH_PATHS = (
					"$(inherited)",
					"@executable_path/Frameworks",
				);
				PRODUCT_BUNDLE_IDENTIFIER = silva.bernardo.GameList;
				PRODUCT_NAME = "$(TARGET_NAME)";
				SWIFT_VERSION = 5.0;
				TARGETED_DEVICE_FAMILY = "1,2";
				VERSIONING_SYSTEM = "apple-generic";
			};
			name = Release;
		};
		643B60352319B2BD007DE1A3 /* Debug */ = {
			isa = XCBuildConfiguration;
			buildSettings = {
				BUNDLE_LOADER = "$(TEST_HOST)";
				CODE_SIGN_STYLE = Automatic;
				DEVELOPMENT_TEAM = P33TK2RVAJ;
				INFOPLIST_FILE = GameListTests/Info.plist;
				LD_RUNPATH_SEARCH_PATHS = (
					"$(inherited)",
					"@executable_path/Frameworks",
					"@loader_path/Frameworks",
				);
				PRODUCT_BUNDLE_IDENTIFIER = silva.bernardo.GameListTests;
				PRODUCT_NAME = "$(TARGET_NAME)";
				SWIFT_VERSION = 5.0;
				TARGETED_DEVICE_FAMILY = "1,2";
				TEST_HOST = "$(BUILT_PRODUCTS_DIR)/GameList.app/GameList";
			};
			name = Debug;
		};
		643B60362319B2BD007DE1A3 /* Release */ = {
			isa = XCBuildConfiguration;
			buildSettings = {
				BUNDLE_LOADER = "$(TEST_HOST)";
				CODE_SIGN_STYLE = Automatic;
				DEVELOPMENT_TEAM = P33TK2RVAJ;
				INFOPLIST_FILE = GameListTests/Info.plist;
				LD_RUNPATH_SEARCH_PATHS = (
					"$(inherited)",
					"@executable_path/Frameworks",
					"@loader_path/Frameworks",
				);
				PRODUCT_BUNDLE_IDENTIFIER = silva.bernardo.GameListTests;
				PRODUCT_NAME = "$(TARGET_NAME)";
				SWIFT_VERSION = 5.0;
				TARGETED_DEVICE_FAMILY = "1,2";
				TEST_HOST = "$(BUILT_PRODUCTS_DIR)/GameList.app/GameList";
			};
			name = Release;
		};
/* End XCBuildConfiguration section */

/* Begin XCConfigurationList section */
		643B600F2319B2A7007DE1A3 /* Build configuration list for PBXProject "GameList" */ = {
			isa = XCConfigurationList;
			buildConfigurations = (
				643B60242319B2A8007DE1A3 /* Debug */,
				643B60252319B2A8007DE1A3 /* Release */,
			);
			defaultConfigurationIsVisible = 0;
			defaultConfigurationName = Release;
		};
		643B60262319B2A8007DE1A3 /* Build configuration list for PBXNativeTarget "GameList" */ = {
			isa = XCConfigurationList;
			buildConfigurations = (
				643B60272319B2A8007DE1A3 /* Debug */,
				643B60282319B2A8007DE1A3 /* Release */,
			);
			defaultConfigurationIsVisible = 0;
			defaultConfigurationName = Release;
		};
		643B60342319B2BD007DE1A3 /* Build configuration list for PBXNativeTarget "GameListTests" */ = {
			isa = XCConfigurationList;
			buildConfigurations = (
				643B60352319B2BD007DE1A3 /* Debug */,
				643B60362319B2BD007DE1A3 /* Release */,
			);
			defaultConfigurationIsVisible = 0;
			defaultConfigurationName = Release;
		};
/* End XCConfigurationList section */
	};
	rootObject = 643B600C2319B2A7007DE1A3 /* Project object */;
}
